
Microsoft Visual Studio Solution File, Format Version 12.00
# Visual Studio Version 16
VisualStudioVersion = 16.0.30907.101
MinimumVisualStudioVersion = 10.0.40219.1
Project("{FAE04EC0-301F-11D3-BF4B-00C04F79EFBC}") = "LangageBrainFuck", "LangageBrainFuck\LangageBrainFuck.csproj", "{00617D03-3F9D-4DF3-A99A-1F994AC67CE7}"
EndProject
Global
	GlobalSection(SolutionConfigurationPlatforms) = preSolution
		Debug|Any CPU = Debug|Any CPU
		Release|Any CPU = Release|Any CPU
	EndGlobalSection
	GlobalSection(ProjectConfigurationPlatforms) = postSolution
		{00617D03-3F9D-4DF3-A99A-1F994AC67CE7}.Debug|Any CPU.ActiveCfg = Debug|Any CPU
		{00617D03-3F9D-4DF3-A99A-1F994AC67CE7}.Debug|Any CPU.Build.0 = Debug|Any CPU
		{00617D03-3F9D-4DF3-A99A-1F994AC67CE7}.Release|Any CPU.ActiveCfg = Release|Any CPU
		{00617D03-3F9D-4DF3-A99A-1F994AC67CE7}.Release|Any CPU.Build.0 = Release|Any CPU
	EndGlobalSection
	GlobalSection(SolutionProperties) = preSolution
		HideSolutionNode = FALSE
	EndGlobalSection
	GlobalSection(ExtensibilityGlobals) = postSolution
		SolutionGuid = {767E5562-8AFE-4C39-9022-E377FF6A6A58}
	EndGlobalSection
EndGlobal
