
Microsoft Visual Studio Solution File, Format Version 12.00
# Visual Studio Version 16
VisualStudioVersion = 16.0.30907.101
MinimumVisualStudioVersion = 10.0.40219.1
Project("{9A19103F-16F7-4668-BE54-9A1E7A4F7556}") = "LangageBrainFuck", "LangageBrainFuck\LangageBrainFuck.csproj", "{00617D03-3F9D-4DF3-A99A-1F994AC67CE7}"
EndProject
Project("{9A19103F-16F7-4668-BE54-9A1E7A4F7556}") = "LangageBrainFuckUI_Winforms", "LangageBrainFuckUI_Winforms\LangageBrainFuckUI_Winforms.csproj", "{3F8CF072-AD13-4EEE-A504-39EFD4CDEA38}"
EndProject
Project("{FAE04EC0-301F-11D3-BF4B-00C04F79EFBC}") = "LangageBrainFuckUI_Console", "LangageBrainFuckUI_Console\LangageBrainFuckUI_Console.csproj", "{3D9BC663-66FF-4D73-A19E-2D68D1129F42}"
EndProject
Global
	GlobalSection(SolutionConfigurationPlatforms) = preSolution
		Debug|Any CPU = Debug|Any CPU
		Release|Any CPU = Release|Any CPU
	EndGlobalSection
	GlobalSection(ProjectConfigurationPlatforms) = postSolution
		{00617D03-3F9D-4DF3-A99A-1F994AC67CE7}.Debug|Any CPU.ActiveCfg = Debug|Any CPU
		{00617D03-3F9D-4DF3-A99A-1F994AC67CE7}.Debug|Any CPU.Build.0 = Debug|Any CPU
		{00617D03-3F9D-4DF3-A99A-1F994AC67CE7}.Release|Any CPU.ActiveCfg = Release|Any CPU
		{00617D03-3F9D-4DF3-A99A-1F994AC67CE7}.Release|Any CPU.Build.0 = Release|Any CPU
		{3F8CF072-AD13-4EEE-A504-39EFD4CDEA38}.Debug|Any CPU.ActiveCfg = Debug|Any CPU
		{3F8CF072-AD13-4EEE-A504-39EFD4CDEA38}.Debug|Any CPU.Build.0 = Debug|Any CPU
		{3F8CF072-AD13-4EEE-A504-39EFD4CDEA38}.Release|Any CPU.ActiveCfg = Release|Any CPU
		{3F8CF072-AD13-4EEE-A504-39EFD4CDEA38}.Release|Any CPU.Build.0 = Release|Any CPU
		{3D9BC663-66FF-4D73-A19E-2D68D1129F42}.Debug|Any CPU.ActiveCfg = Debug|Any CPU
		{3D9BC663-66FF-4D73-A19E-2D68D1129F42}.Debug|Any CPU.Build.0 = Debug|Any CPU
		{3D9BC663-66FF-4D73-A19E-2D68D1129F42}.Release|Any CPU.ActiveCfg = Release|Any CPU
		{3D9BC663-66FF-4D73-A19E-2D68D1129F42}.Release|Any CPU.Build.0 = Release|Any CPU
	EndGlobalSection
	GlobalSection(SolutionProperties) = preSolution
		HideSolutionNode = FALSE
	EndGlobalSection
	GlobalSection(ExtensibilityGlobals) = postSolution
		SolutionGuid = {767E5562-8AFE-4C39-9022-E377FF6A6A58}
	EndGlobalSection
EndGlobal
