
Microsoft Visual Studio Solution File, Format Version 12.00
# Visual Studio Version 16
VisualStudioVersion = 16.0.30413.136
MinimumVisualStudioVersion = 10.0.40219.1
Project("{FAE04EC0-301F-11D3-BF4B-00C04F79EFBC}") = "Module09_Bloc-notes", "Module09_Bloc-notes\Module09_Bloc-notes.csproj", "{17EAFFF6-B673-481C-B02C-641FAC3A7BEE}"
EndProject
Global
	GlobalSection(SolutionConfigurationPlatforms) = preSolution
		Debug|Any CPU = Debug|Any CPU
		Release|Any CPU = Release|Any CPU
	EndGlobalSection
	GlobalSection(ProjectConfigurationPlatforms) = postSolution
		{17EAFFF6-B673-481C-B02C-641FAC3A7BEE}.Debug|Any CPU.ActiveCfg = Debug|Any CPU
		{17EAFFF6-B673-481C-B02C-641FAC3A7BEE}.Debug|Any CPU.Build.0 = Debug|Any CPU
		{17EAFFF6-B673-481C-B02C-641FAC3A7BEE}.Release|Any CPU.ActiveCfg = Release|Any CPU
		{17EAFFF6-B673-481C-B02C-641FAC3A7BEE}.Release|Any CPU.Build.0 = Release|Any CPU
	EndGlobalSection
	GlobalSection(SolutionProperties) = preSolution
		HideSolutionNode = FALSE
	EndGlobalSection
	GlobalSection(ExtensibilityGlobals) = postSolution
		SolutionGuid = {FB2371AF-7B91-40FF-A5EE-69B86BAA387B}
	EndGlobalSection
EndGlobal
