
Microsoft Visual Studio Solution File, Format Version 12.00
# Visual Studio Version 16
VisualStudioVersion = 16.0.29709.97
MinimumVisualStudioVersion = 10.0.40219.1
Project("{FAE04EC0-301F-11D3-BF4B-00C04F79EFBC}") = "POOII_Module02_TestsUnitaires", "POOII_Module02_TestsUnitaires\POOII_Module02_TestsUnitaires.csproj", "{8EB3AB2B-AA18-48E6-A18B-B1FC46EECB1A}"
EndProject
Project("{FAE04EC0-301F-11D3-BF4B-00C04F79EFBC}") = "TestsPOOII_Module02_TestsUnitaires", "TestsPOOII_Module02_TestsUnitaires\TestsPOOII_Module02_TestsUnitaires.csproj", "{74FDBD26-7736-40FC-8251-4C589D8A90EE}"
EndProject
Global
	GlobalSection(SolutionConfigurationPlatforms) = preSolution
		Debug|Any CPU = Debug|Any CPU
		Release|Any CPU = Release|Any CPU
	EndGlobalSection
	GlobalSection(ProjectConfigurationPlatforms) = postSolution
		{8EB3AB2B-AA18-48E6-A18B-B1FC46EECB1A}.Debug|Any CPU.ActiveCfg = Debug|Any CPU
		{8EB3AB2B-AA18-48E6-A18B-B1FC46EECB1A}.Debug|Any CPU.Build.0 = Debug|Any CPU
		{8EB3AB2B-AA18-48E6-A18B-B1FC46EECB1A}.Release|Any CPU.ActiveCfg = Release|Any CPU
		{8EB3AB2B-AA18-48E6-A18B-B1FC46EECB1A}.Release|Any CPU.Build.0 = Release|Any CPU
		{74FDBD26-7736-40FC-8251-4C589D8A90EE}.Debug|Any CPU.ActiveCfg = Debug|Any CPU
		{74FDBD26-7736-40FC-8251-4C589D8A90EE}.Debug|Any CPU.Build.0 = Debug|Any CPU
		{74FDBD26-7736-40FC-8251-4C589D8A90EE}.Release|Any CPU.ActiveCfg = Release|Any CPU
		{74FDBD26-7736-40FC-8251-4C589D8A90EE}.Release|Any CPU.Build.0 = Release|Any CPU
	EndGlobalSection
	GlobalSection(SolutionProperties) = preSolution
		HideSolutionNode = FALSE
	EndGlobalSection
	GlobalSection(ExtensibilityGlobals) = postSolution
		SolutionGuid = {EC1050CE-C876-46A2-8F67-0C5AB977D96A}
	EndGlobalSection
EndGlobal
