
Microsoft Visual Studio Solution File, Format Version 12.00
# Visual Studio Version 16
VisualStudioVersion = 16.0.30907.101
MinimumVisualStudioVersion = 10.0.40219.1
Project("{9A19103F-16F7-4668-BE54-9A1E7A4F7556}") = "ListeObservable_WF", "ListeObservable\ListeObservable_WF.csproj", "{D22EDF71-6998-45D2-9F7A-97345E32B82F}"
EndProject
Global
	GlobalSection(SolutionConfigurationPlatforms) = preSolution
		Debug|Any CPU = Debug|Any CPU
		Release|Any CPU = Release|Any CPU
	EndGlobalSection
	GlobalSection(ProjectConfigurationPlatforms) = postSolution
		{D22EDF71-6998-45D2-9F7A-97345E32B82F}.Debug|Any CPU.ActiveCfg = Debug|Any CPU
		{D22EDF71-6998-45D2-9F7A-97345E32B82F}.Debug|Any CPU.Build.0 = Debug|Any CPU
		{D22EDF71-6998-45D2-9F7A-97345E32B82F}.Release|Any CPU.ActiveCfg = Release|Any CPU
		{D22EDF71-6998-45D2-9F7A-97345E32B82F}.Release|Any CPU.Build.0 = Release|Any CPU
	EndGlobalSection
	GlobalSection(SolutionProperties) = preSolution
		HideSolutionNode = FALSE
	EndGlobalSection
	GlobalSection(ExtensibilityGlobals) = postSolution
		SolutionGuid = {A18659C3-93BD-4C72-9E22-6FD8BCBD1E44}
	EndGlobalSection
EndGlobal
