
Microsoft Visual Studio Solution File, Format Version 12.00
# Visual Studio Version 16
VisualStudioVersion = 16.0.29709.97
MinimumVisualStudioVersion = 10.0.40219.1
Project("{FAE04EC0-301F-11D3-BF4B-00C04F79EFBC}") = "POOII_Module04_SOLID_PreparationCours", "POOII_Module04_SOLID_PreparationCours\POOII_Module04_SOLID_PreparationCours.csproj", "{CC40BC71-9301-4CC1-B879-C9F8DCB9A1AA}"
EndProject
Global
	GlobalSection(SolutionConfigurationPlatforms) = preSolution
		Debug|Any CPU = Debug|Any CPU
		Release|Any CPU = Release|Any CPU
	EndGlobalSection
	GlobalSection(ProjectConfigurationPlatforms) = postSolution
		{CC40BC71-9301-4CC1-B879-C9F8DCB9A1AA}.Debug|Any CPU.ActiveCfg = Debug|Any CPU
		{CC40BC71-9301-4CC1-B879-C9F8DCB9A1AA}.Debug|Any CPU.Build.0 = Debug|Any CPU
		{CC40BC71-9301-4CC1-B879-C9F8DCB9A1AA}.Release|Any CPU.ActiveCfg = Release|Any CPU
		{CC40BC71-9301-4CC1-B879-C9F8DCB9A1AA}.Release|Any CPU.Build.0 = Release|Any CPU
	EndGlobalSection
	GlobalSection(SolutionProperties) = preSolution
		HideSolutionNode = FALSE
	EndGlobalSection
	GlobalSection(ExtensibilityGlobals) = postSolution
		SolutionGuid = {6F1C6566-6E7B-4378-AD1F-522984431E0B}
	EndGlobalSection
EndGlobal
