
Microsoft Visual Studio Solution File, Format Version 12.00
# Visual Studio Version 16
VisualStudioVersion = 16.0.29709.97
MinimumVisualStudioVersion = 10.0.40219.1
Project("{FAE04EC0-301F-11D3-BF4B-00C04F79EFBC}") = "POOII_Module07_Demo", "POOII_Module07_Demo\POOII_Module07_Demo.csproj", "{51A5393F-354E-4E1C-8CF2-518A0C1A6BAB}"
EndProject
Global
	GlobalSection(SolutionConfigurationPlatforms) = preSolution
		Debug|Any CPU = Debug|Any CPU
		Release|Any CPU = Release|Any CPU
	EndGlobalSection
	GlobalSection(ProjectConfigurationPlatforms) = postSolution
		{51A5393F-354E-4E1C-8CF2-518A0C1A6BAB}.Debug|Any CPU.ActiveCfg = Debug|Any CPU
		{51A5393F-354E-4E1C-8CF2-518A0C1A6BAB}.Debug|Any CPU.Build.0 = Debug|Any CPU
		{51A5393F-354E-4E1C-8CF2-518A0C1A6BAB}.Release|Any CPU.ActiveCfg = Release|Any CPU
		{51A5393F-354E-4E1C-8CF2-518A0C1A6BAB}.Release|Any CPU.Build.0 = Release|Any CPU
	EndGlobalSection
	GlobalSection(SolutionProperties) = preSolution
		HideSolutionNode = FALSE
	EndGlobalSection
	GlobalSection(ExtensibilityGlobals) = postSolution
		SolutionGuid = {A782C23E-381C-45DC-949D-A208C2A51FAA}
	EndGlobalSection
EndGlobal
